
Microsoft Visual Studio Solution File, Format Version 12.00
# Visual Studio Version 17
VisualStudioVersion = 17.3.32804.467
MinimumVisualStudioVersion = 10.0.40219.1
Project("{FAE04EC0-301F-11D3-BF4B-00C04F79EFBC}") = "RandomNameSelection", "RandomNameSelection.csproj", "{B98C7332-34D3-4147-ADED-64985EA322CB}"
EndProject
Global
	GlobalSection(SolutionConfigurationPlatforms) = preSolution
		Debug|Any CPU = Debug|Any CPU
		Release|Any CPU = Release|Any CPU
	EndGlobalSection
	GlobalSection(ProjectConfigurationPlatforms) = postSolution
		{B98C7332-34D3-4147-ADED-64985EA322CB}.Debug|Any CPU.ActiveCfg = Debug|Any CPU
		{B98C7332-34D3-4147-ADED-64985EA322CB}.Debug|Any CPU.Build.0 = Debug|Any CPU
		{B98C7332-34D3-4147-ADED-64985EA322CB}.Release|Any CPU.ActiveCfg = Release|Any CPU
		{B98C7332-34D3-4147-ADED-64985EA322CB}.Release|Any CPU.Build.0 = Release|Any CPU
	EndGlobalSection
	GlobalSection(SolutionProperties) = preSolution
		HideSolutionNode = FALSE
	EndGlobalSection
	GlobalSection(ExtensibilityGlobals) = postSolution
		SolutionGuid = {E7CED0BE-959C-4FD9-9729-CC5C74F97DED}
	EndGlobalSection
EndGlobal
